// !$*UTF8*$!
{
	archiveVersion = 1;
	classes = {
	};
	objectVersion = 46;
	objects = {

/* Begin PBXBuildFile section */
		8809DB47195B0EA600D03238 /* SPPPagedFlowView.m in Sources */ = {isa = PBXBuildFile; fileRef = 8809DB46195B0EA600D03238 /* SPPPagedFlowView.m */; };
		8809DB4A195D873D00D03238 /* SPPVoteCardsViewLayout.m in Sources */ = {isa = PBXBuildFile; fileRef = 8809DB49195D873D00D03238 /* SPPVoteCardsViewLayout.m */; };
		8812FBD61959D54A005DA858 /* VoteViewController.m in Sources */ = {isa = PBXBuildFile; fileRef = 8812FBD51959D54A005DA858 /* VoteViewController.m */; };
		8812FBD91959D9B8005DA858 /* SPPVoteCardViewCell.m in Sources */ = {isa = PBXBuildFile; fileRef = 8812FBD81959D9B8005DA858 /* SPPVoteCardViewCell.m */; };
		881F469718DB565D004DF389 /* CALayer+XibConfiguration.m in Sources */ = {isa = PBXBuildFile; fileRef = 881F469618DB565D004DF389 /* CALayer+XibConfiguration.m */; };
		882C81D218C4B42C0011AD59 /* main.storyboard in Resources */ = {isa = PBXBuildFile; fileRef = 882C81D118C4B42C0011AD59 /* main.storyboard */; };
		882C81D518C4C8D00011AD59 /* ConnectViewController.m in Sources */ = {isa = PBXBuildFile; fileRef = 882C81D418C4C8D00011AD59 /* ConnectViewController.m */; };
		884AAA8419FE7D59009D3985 /* SPPEditableCollectionView.m in Sources */ = {isa = PBXBuildFile; fileRef = 884AAA8319FE7D59009D3985 /* SPPEditableCollectionView.m */; };
		884ECBDA199103980019A3A9 /* SPPAgileHubNotifications.m in Sources */ = {isa = PBXBuildFile; fileRef = 884ECBD9199103980019A3A9 /* SPPAgileHubNotifications.m */; };
		884ECBDD199128FD0019A3A9 /* RoomViewNotifications.m in Sources */ = {isa = PBXBuildFile; fileRef = 884ECBDC199128FD0019A3A9 /* RoomViewNotifications.m */; };
		884ECBE11994E7DC0019A3A9 /* SPPBaseEntity+Protected.m in Sources */ = {isa = PBXBuildFile; fileRef = 884ECBE01994E7D90019A3A9 /* SPPBaseEntity+Protected.m */; };
		884ECBE41994E89A0019A3A9 /* SPPBaseEntity.m in Sources */ = {isa = PBXBuildFile; fileRef = 884ECBE31994E89A0019A3A9 /* SPPBaseEntity.m */; };
		884ECBE71994EC000019A3A9 /* SPPPrivilege.m in Sources */ = {isa = PBXBuildFile; fileRef = 884ECBE61994EC000019A3A9 /* SPPPrivilege.m */; };
		884ECBEA1994ED9B0019A3A9 /* SPPRoom.m in Sources */ = {isa = PBXBuildFile; fileRef = 884ECBE91994ED9B0019A3A9 /* SPPRoom.m */; };
		884ECBED1994F05F0019A3A9 /* SPPUser.m in Sources */ = {isa = PBXBuildFile; fileRef = 884ECBEC1994F05F0019A3A9 /* SPPUser.m */; };
		884ECBF01994F1780019A3A9 /* SPPVote.m in Sources */ = {isa = PBXBuildFile; fileRef = 884ECBEF1994F1780019A3A9 /* SPPVote.m */; };
		884ECBF31994F2E90019A3A9 /* SPPUserVote.m in Sources */ = {isa = PBXBuildFile; fileRef = 884ECBF21994F2E90019A3A9 /* SPPUserVote.m */; };
		884ECBF61998DED70019A3A9 /* SPPAgileHubFacade.m in Sources */ = {isa = PBXBuildFile; fileRef = 884ECBF51998DED70019A3A9 /* SPPAgileHubFacade.m */; };
		8858A78D18D896DB00A06AD2 /* SPPAgileHub.m in Sources */ = {isa = PBXBuildFile; fileRef = 8858A78C18D896DB00A06AD2 /* SPPAgileHub.m */; };
		8858A79718DAF4C900A06AD2 /* SPPUserViewCell.m in Sources */ = {isa = PBXBuildFile; fileRef = 8858A79618DAF4C900A06AD2 /* SPPUserViewCell.m */; };
		885A370718CF164C00AD3FF9 /* SPPBaseViewController.m in Sources */ = {isa = PBXBuildFile; fileRef = 885A370618CF164C00AD3FF9 /* SPPBaseViewController.m */; };
		885FB4E91958510900AB1A21 /* SPPWebService.m in Sources */ = {isa = PBXBuildFile; fileRef = 885FB4E81958510900AB1A21 /* SPPWebService.m */; };
		8860A78618D1F04F005C5EB1 /* SelectRoomViewController.m in Sources */ = {isa = PBXBuildFile; fileRef = 8860A78518D1F04F005C5EB1 /* SelectRoomViewController.m */; };
		8874034A19B8C23200EE6E5B /* SPPRoomButton.m in Sources */ = {isa = PBXBuildFile; fileRef = 8874034919B8C23200EE6E5B /* SPPRoomButton.m */; };
		8874035419BA08C900EE6E5B /* SPPAnimationFactory.m in Sources */ = {isa = PBXBuildFile; fileRef = 8874035319BA08C900EE6E5B /* SPPAnimationFactory.m */; };
		887B4BDF19533060005CE261 /* SPPRoomViewCell.m in Sources */ = {isa = PBXBuildFile; fileRef = 887B4BDE19533060005CE261 /* SPPRoomViewCell.m */; };
		887B4BE31954546B005CE261 /* RoomClosed.png in Resources */ = {isa = PBXBuildFile; fileRef = 887B4BE11954546B005CE261 /* RoomClosed.png */; };
		887B4BE41954546B005CE261 /* RoomOpened.png in Resources */ = {isa = PBXBuildFile; fileRef = 887B4BE21954546B005CE261 /* RoomOpened.png */; };
		88C2E93B197913AC00E33A83 /* SPPVoteViewCell.m in Sources */ = {isa = PBXBuildFile; fileRef = 88C2E93A197913AC00E33A83 /* SPPVoteViewCell.m */; };
		88C6057E18D3399900A1EB77 /* RoomViewController.m in Sources */ = {isa = PBXBuildFile; fileRef = 88C6057D18D3399900A1EB77 /* RoomViewController.m */; };
		B54EA18411124EAF8FC2BD72 /* libPods.a in Frameworks */ = {isa = PBXBuildFile; fileRef = FA9419B472B54ED08B208BA4 /* libPods.a */; };
		C3A4A6E818B24ACD00A5E4EB /* Foundation.framework in Frameworks */ = {isa = PBXBuildFile; fileRef = C3A4A6E718B24ACD00A5E4EB /* Foundation.framework */; };
		C3A4A6EA18B24ACD00A5E4EB /* CoreGraphics.framework in Frameworks */ = {isa = PBXBuildFile; fileRef = C3A4A6E918B24ACD00A5E4EB /* CoreGraphics.framework */; };
		C3A4A6EC18B24ACD00A5E4EB /* UIKit.framework in Frameworks */ = {isa = PBXBuildFile; fileRef = C3A4A6EB18B24ACD00A5E4EB /* UIKit.framework */; };
		C3A4A6F218B24ACD00A5E4EB /* InfoPlist.strings in Resources */ = {isa = PBXBuildFile; fileRef = C3A4A6F018B24ACD00A5E4EB /* InfoPlist.strings */; };
		C3A4A6F418B24ACD00A5E4EB /* main.m in Sources */ = {isa = PBXBuildFile; fileRef = C3A4A6F318B24ACD00A5E4EB /* main.m */; };
		C3A4A6F818B24ACD00A5E4EB /* AppDelegate.m in Sources */ = {isa = PBXBuildFile; fileRef = C3A4A6F718B24ACD00A5E4EB /* AppDelegate.m */; };
		C3A4A6FA18B24ACD00A5E4EB /* Images.xcassets in Resources */ = {isa = PBXBuildFile; fileRef = C3A4A6F918B24ACD00A5E4EB /* Images.xcassets */; };
		C3A4A70118B24ACD00A5E4EB /* XCTest.framework in Frameworks */ = {isa = PBXBuildFile; fileRef = C3A4A70018B24ACD00A5E4EB /* XCTest.framework */; };
		C3A4A70218B24ACD00A5E4EB /* Foundation.framework in Frameworks */ = {isa = PBXBuildFile; fileRef = C3A4A6E718B24ACD00A5E4EB /* Foundation.framework */; };
		C3A4A70318B24ACD00A5E4EB /* UIKit.framework in Frameworks */ = {isa = PBXBuildFile; fileRef = C3A4A6EB18B24ACD00A5E4EB /* UIKit.framework */; };
		C3A4A70B18B24ACD00A5E4EB /* InfoPlist.strings in Resources */ = {isa = PBXBuildFile; fileRef = C3A4A70918B24ACD00A5E4EB /* InfoPlist.strings */; };
		C3A4A70D18B24ACD00A5E4EB /* ScrumPlanningPokerTests.m in Sources */ = {isa = PBXBuildFile; fileRef = C3A4A70C18B24ACD00A5E4EB /* ScrumPlanningPokerTests.m */; };
/* End PBXBuildFile section */

/* Begin PBXContainerItemProxy section */
		C3A4A70418B24ACD00A5E4EB /* PBXContainerItemProxy */ = {
			isa = PBXContainerItemProxy;
			containerPortal = C3A4A6DC18B24ACD00A5E4EB /* Project object */;
			proxyType = 1;
			remoteGlobalIDString = C3A4A6E318B24ACD00A5E4EB;
			remoteInfo = ScrumPlanningPoker;
		};
/* End PBXContainerItemProxy section */

/* Begin PBXFileReference section */
		4A8A1A9CAEF0473797EE9B25 /* Pods.xcconfig */ = {isa = PBXFileReference; includeInIndex = 1; lastKnownFileType = text.xcconfig; name = Pods.xcconfig; path = Pods/Pods.xcconfig; sourceTree = "<group>"; };
		8809DB45195B0EA600D03238 /* SPPPagedFlowView.h */ = {isa = PBXFileReference; fileEncoding = 4; lastKnownFileType = sourcecode.c.h; path = SPPPagedFlowView.h; sourceTree = "<group>"; };
		8809DB46195B0EA600D03238 /* SPPPagedFlowView.m */ = {isa = PBXFileReference; fileEncoding = 4; lastKnownFileType = sourcecode.c.objc; path = SPPPagedFlowView.m; sourceTree = "<group>"; };
		8809DB48195D873D00D03238 /* SPPVoteCardsViewLayout.h */ = {isa = PBXFileReference; fileEncoding = 4; lastKnownFileType = sourcecode.c.h; path = SPPVoteCardsViewLayout.h; sourceTree = "<group>"; };
		8809DB49195D873D00D03238 /* SPPVoteCardsViewLayout.m */ = {isa = PBXFileReference; fileEncoding = 4; lastKnownFileType = sourcecode.c.objc; path = SPPVoteCardsViewLayout.m; sourceTree = "<group>"; };
		8812FBD41959D54A005DA858 /* VoteViewController.h */ = {isa = PBXFileReference; fileEncoding = 4; lastKnownFileType = sourcecode.c.h; path = VoteViewController.h; sourceTree = "<group>"; };
		8812FBD51959D54A005DA858 /* VoteViewController.m */ = {isa = PBXFileReference; fileEncoding = 4; lastKnownFileType = sourcecode.c.objc; path = VoteViewController.m; sourceTree = "<group>"; };
		8812FBD71959D9B8005DA858 /* SPPVoteCardViewCell.h */ = {isa = PBXFileReference; fileEncoding = 4; lastKnownFileType = sourcecode.c.h; path = SPPVoteCardViewCell.h; sourceTree = "<group>"; };
		8812FBD81959D9B8005DA858 /* SPPVoteCardViewCell.m */ = {isa = PBXFileReference; fileEncoding = 4; lastKnownFileType = sourcecode.c.objc; path = SPPVoteCardViewCell.m; sourceTree = "<group>"; };
		881F469518DB565D004DF389 /* CALayer+XibConfiguration.h */ = {isa = PBXFileReference; fileEncoding = 4; lastKnownFileType = sourcecode.c.h; path = "CALayer+XibConfiguration.h"; sourceTree = "<group>"; };
		881F469618DB565D004DF389 /* CALayer+XibConfiguration.m */ = {isa = PBXFileReference; fileEncoding = 4; lastKnownFileType = sourcecode.c.objc; path = "CALayer+XibConfiguration.m"; sourceTree = "<group>"; };
		882C81D118C4B42C0011AD59 /* main.storyboard */ = {isa = PBXFileReference; fileEncoding = 4; lastKnownFileType = file.storyboard; path = main.storyboard; sourceTree = "<group>"; };
		882C81D318C4C8D00011AD59 /* ConnectViewController.h */ = {isa = PBXFileReference; fileEncoding = 4; lastKnownFileType = sourcecode.c.h; path = ConnectViewController.h; sourceTree = "<group>"; };
		882C81D418C4C8D00011AD59 /* ConnectViewController.m */ = {isa = PBXFileReference; fileEncoding = 4; lastKnownFileType = sourcecode.c.objc; path = ConnectViewController.m; sourceTree = "<group>"; };
		884AAA8219FE7D59009D3985 /* SPPEditableCollectionView.h */ = {isa = PBXFileReference; fileEncoding = 4; lastKnownFileType = sourcecode.c.h; path = SPPEditableCollectionView.h; sourceTree = "<group>"; };
		884AAA8319FE7D59009D3985 /* SPPEditableCollectionView.m */ = {isa = PBXFileReference; fileEncoding = 4; lastKnownFileType = sourcecode.c.objc; path = SPPEditableCollectionView.m; sourceTree = "<group>"; };
		884ECBD8199103980019A3A9 /* SPPAgileHubNotifications.h */ = {isa = PBXFileReference; fileEncoding = 4; lastKnownFileType = sourcecode.c.h; path = SPPAgileHubNotifications.h; sourceTree = "<group>"; };
		884ECBD9199103980019A3A9 /* SPPAgileHubNotifications.m */ = {isa = PBXFileReference; fileEncoding = 4; lastKnownFileType = sourcecode.c.objc; path = SPPAgileHubNotifications.m; sourceTree = "<group>"; };
		884ECBDB199128FD0019A3A9 /* RoomViewNotifications.h */ = {isa = PBXFileReference; fileEncoding = 4; lastKnownFileType = sourcecode.c.h; path = RoomViewNotifications.h; sourceTree = "<group>"; };
		884ECBDC199128FD0019A3A9 /* RoomViewNotifications.m */ = {isa = PBXFileReference; fileEncoding = 4; lastKnownFileType = sourcecode.c.objc; path = RoomViewNotifications.m; sourceTree = "<group>"; };
		884ECBDF1994E7D90019A3A9 /* SPPBaseEntity+Protected.h */ = {isa = PBXFileReference; fileEncoding = 4; lastKnownFileType = sourcecode.c.h; path = "SPPBaseEntity+Protected.h"; sourceTree = "<group>"; };
		884ECBE01994E7D90019A3A9 /* SPPBaseEntity+Protected.m */ = {isa = PBXFileReference; fileEncoding = 4; lastKnownFileType = sourcecode.c.objc; path = "SPPBaseEntity+Protected.m"; sourceTree = "<group>"; };
		884ECBE21994E89A0019A3A9 /* SPPBaseEntity.h */ = {isa = PBXFileReference; fileEncoding = 4; lastKnownFileType = sourcecode.c.h; path = SPPBaseEntity.h; sourceTree = "<group>"; };
		884ECBE31994E89A0019A3A9 /* SPPBaseEntity.m */ = {isa = PBXFileReference; fileEncoding = 4; lastKnownFileType = sourcecode.c.objc; path = SPPBaseEntity.m; sourceTree = "<group>"; };
		884ECBE51994EC000019A3A9 /* SPPPrivilege.h */ = {isa = PBXFileReference; fileEncoding = 4; lastKnownFileType = sourcecode.c.h; path = SPPPrivilege.h; sourceTree = "<group>"; };
		884ECBE61994EC000019A3A9 /* SPPPrivilege.m */ = {isa = PBXFileReference; fileEncoding = 4; lastKnownFileType = sourcecode.c.objc; path = SPPPrivilege.m; sourceTree = "<group>"; };
		884ECBE81994ED9B0019A3A9 /* SPPRoom.h */ = {isa = PBXFileReference; fileEncoding = 4; lastKnownFileType = sourcecode.c.h; path = SPPRoom.h; sourceTree = "<group>"; };
		884ECBE91994ED9B0019A3A9 /* SPPRoom.m */ = {isa = PBXFileReference; fileEncoding = 4; lastKnownFileType = sourcecode.c.objc; path = SPPRoom.m; sourceTree = "<group>"; };
		884ECBEB1994F05F0019A3A9 /* SPPUser.h */ = {isa = PBXFileReference; fileEncoding = 4; lastKnownFileType = sourcecode.c.h; path = SPPUser.h; sourceTree = "<group>"; };
		884ECBEC1994F05F0019A3A9 /* SPPUser.m */ = {isa = PBXFileReference; fileEncoding = 4; lastKnownFileType = sourcecode.c.objc; path = SPPUser.m; sourceTree = "<group>"; };
		884ECBEE1994F1780019A3A9 /* SPPVote.h */ = {isa = PBXFileReference; fileEncoding = 4; lastKnownFileType = sourcecode.c.h; path = SPPVote.h; sourceTree = "<group>"; };
		884ECBEF1994F1780019A3A9 /* SPPVote.m */ = {isa = PBXFileReference; fileEncoding = 4; lastKnownFileType = sourcecode.c.objc; path = SPPVote.m; sourceTree = "<group>"; };
		884ECBF11994F2E90019A3A9 /* SPPUserVote.h */ = {isa = PBXFileReference; fileEncoding = 4; lastKnownFileType = sourcecode.c.h; path = SPPUserVote.h; sourceTree = "<group>"; };
		884ECBF21994F2E90019A3A9 /* SPPUserVote.m */ = {isa = PBXFileReference; fileEncoding = 4; lastKnownFileType = sourcecode.c.objc; path = SPPUserVote.m; sourceTree = "<group>"; };
		884ECBF41998DED70019A3A9 /* SPPAgileHubFacade.h */ = {isa = PBXFileReference; fileEncoding = 4; lastKnownFileType = sourcecode.c.h; path = SPPAgileHubFacade.h; sourceTree = "<group>"; };
		884ECBF51998DED70019A3A9 /* SPPAgileHubFacade.m */ = {isa = PBXFileReference; fileEncoding = 4; lastKnownFileType = sourcecode.c.objc; path = SPPAgileHubFacade.m; sourceTree = "<group>"; };
		8858A78B18D896DA00A06AD2 /* SPPAgileHub.h */ = {isa = PBXFileReference; fileEncoding = 4; lastKnownFileType = sourcecode.c.h; path = SPPAgileHub.h; sourceTree = "<group>"; };
		8858A78C18D896DB00A06AD2 /* SPPAgileHub.m */ = {isa = PBXFileReference; fileEncoding = 4; lastKnownFileType = sourcecode.c.objc; path = SPPAgileHub.m; sourceTree = "<group>"; };
		8858A79518DAF4C900A06AD2 /* SPPUserViewCell.h */ = {isa = PBXFileReference; fileEncoding = 4; lastKnownFileType = sourcecode.c.h; path = SPPUserViewCell.h; sourceTree = "<group>"; };
		8858A79618DAF4C900A06AD2 /* SPPUserViewCell.m */ = {isa = PBXFileReference; fileEncoding = 4; lastKnownFileType = sourcecode.c.objc; path = SPPUserViewCell.m; sourceTree = "<group>"; };
		885A370518CF164C00AD3FF9 /* SPPBaseViewController.h */ = {isa = PBXFileReference; fileEncoding = 4; lastKnownFileType = sourcecode.c.h; path = SPPBaseViewController.h; sourceTree = "<group>"; };
		885A370618CF164C00AD3FF9 /* SPPBaseViewController.m */ = {isa = PBXFileReference; fileEncoding = 4; lastKnownFileType = sourcecode.c.objc; path = SPPBaseViewController.m; sourceTree = "<group>"; };
		885FB4E71958510900AB1A21 /* SPPWebService.h */ = {isa = PBXFileReference; fileEncoding = 4; lastKnownFileType = sourcecode.c.h; path = SPPWebService.h; sourceTree = "<group>"; };
		885FB4E81958510900AB1A21 /* SPPWebService.m */ = {isa = PBXFileReference; fileEncoding = 4; lastKnownFileType = sourcecode.c.objc; path = SPPWebService.m; sourceTree = "<group>"; };
		8860A78418D1F04F005C5EB1 /* SelectRoomViewController.h */ = {isa = PBXFileReference; fileEncoding = 4; lastKnownFileType = sourcecode.c.h; path = SelectRoomViewController.h; sourceTree = "<group>"; };
		8860A78518D1F04F005C5EB1 /* SelectRoomViewController.m */ = {isa = PBXFileReference; fileEncoding = 4; lastKnownFileType = sourcecode.c.objc; path = SelectRoomViewController.m; sourceTree = "<group>"; };
		8874034819B8C23200EE6E5B /* SPPRoomButton.h */ = {isa = PBXFileReference; fileEncoding = 4; lastKnownFileType = sourcecode.c.h; path = SPPRoomButton.h; sourceTree = "<group>"; };
		8874034919B8C23200EE6E5B /* SPPRoomButton.m */ = {isa = PBXFileReference; fileEncoding = 4; lastKnownFileType = sourcecode.c.objc; path = SPPRoomButton.m; sourceTree = "<group>"; };
		8874035219BA08C900EE6E5B /* SPPAnimationFactory.h */ = {isa = PBXFileReference; fileEncoding = 4; lastKnownFileType = sourcecode.c.h; path = SPPAnimationFactory.h; sourceTree = "<group>"; };
		8874035319BA08C900EE6E5B /* SPPAnimationFactory.m */ = {isa = PBXFileReference; fileEncoding = 4; lastKnownFileType = sourcecode.c.objc; path = SPPAnimationFactory.m; sourceTree = "<group>"; };
		887B4BDD19533060005CE261 /* SPPRoomViewCell.h */ = {isa = PBXFileReference; fileEncoding = 4; lastKnownFileType = sourcecode.c.h; path = SPPRoomViewCell.h; sourceTree = "<group>"; };
		887B4BDE19533060005CE261 /* SPPRoomViewCell.m */ = {isa = PBXFileReference; fileEncoding = 4; lastKnownFileType = sourcecode.c.objc; path = SPPRoomViewCell.m; sourceTree = "<group>"; };
		887B4BE11954546B005CE261 /* RoomClosed.png */ = {isa = PBXFileReference; lastKnownFileType = image.png; path = RoomClosed.png; sourceTree = "<group>"; };
		887B4BE21954546B005CE261 /* RoomOpened.png */ = {isa = PBXFileReference; lastKnownFileType = image.png; path = RoomOpened.png; sourceTree = "<group>"; };
		88C2E939197913AC00E33A83 /* SPPVoteViewCell.h */ = {isa = PBXFileReference; fileEncoding = 4; lastKnownFileType = sourcecode.c.h; path = SPPVoteViewCell.h; sourceTree = "<group>"; };
		88C2E93A197913AC00E33A83 /* SPPVoteViewCell.m */ = {isa = PBXFileReference; fileEncoding = 4; lastKnownFileType = sourcecode.c.objc; path = SPPVoteViewCell.m; sourceTree = "<group>"; };
		88C6057C18D3399900A1EB77 /* RoomViewController.h */ = {isa = PBXFileReference; fileEncoding = 4; lastKnownFileType = sourcecode.c.h; path = RoomViewController.h; sourceTree = "<group>"; };
		88C6057D18D3399900A1EB77 /* RoomViewController.m */ = {isa = PBXFileReference; fileEncoding = 4; lastKnownFileType = sourcecode.c.objc; path = RoomViewController.m; sourceTree = "<group>"; };
		C3A4A6E418B24ACD00A5E4EB /* ScrumPlanningPoker.app */ = {isa = PBXFileReference; explicitFileType = wrapper.application; includeInIndex = 0; path = ScrumPlanningPoker.app; sourceTree = BUILT_PRODUCTS_DIR; };
		C3A4A6E718B24ACD00A5E4EB /* Foundation.framework */ = {isa = PBXFileReference; lastKnownFileType = wrapper.framework; name = Foundation.framework; path = System/Library/Frameworks/Foundation.framework; sourceTree = SDKROOT; };
		C3A4A6E918B24ACD00A5E4EB /* CoreGraphics.framework */ = {isa = PBXFileReference; lastKnownFileType = wrapper.framework; name = CoreGraphics.framework; path = System/Library/Frameworks/CoreGraphics.framework; sourceTree = SDKROOT; };
		C3A4A6EB18B24ACD00A5E4EB /* UIKit.framework */ = {isa = PBXFileReference; lastKnownFileType = wrapper.framework; name = UIKit.framework; path = System/Library/Frameworks/UIKit.framework; sourceTree = SDKROOT; };
		C3A4A6EF18B24ACD00A5E4EB /* ScrumPlanningPoker-Info.plist */ = {isa = PBXFileReference; lastKnownFileType = text.plist.xml; path = "ScrumPlanningPoker-Info.plist"; sourceTree = "<group>"; };
		C3A4A6F118B24ACD00A5E4EB /* en */ = {isa = PBXFileReference; lastKnownFileType = text.plist.strings; name = en; path = en.lproj/InfoPlist.strings; sourceTree = "<group>"; };
		C3A4A6F318B24ACD00A5E4EB /* main.m */ = {isa = PBXFileReference; lastKnownFileType = sourcecode.c.objc; path = main.m; sourceTree = "<group>"; };
		C3A4A6F518B24ACD00A5E4EB /* ScrumPlanningPoker-Prefix.pch */ = {isa = PBXFileReference; lastKnownFileType = sourcecode.c.h; path = "ScrumPlanningPoker-Prefix.pch"; sourceTree = "<group>"; };
		C3A4A6F618B24ACD00A5E4EB /* AppDelegate.h */ = {isa = PBXFileReference; lastKnownFileType = sourcecode.c.h; path = AppDelegate.h; sourceTree = "<group>"; };
		C3A4A6F718B24ACD00A5E4EB /* AppDelegate.m */ = {isa = PBXFileReference; lastKnownFileType = sourcecode.c.objc; path = AppDelegate.m; sourceTree = "<group>"; };
		C3A4A6F918B24ACD00A5E4EB /* Images.xcassets */ = {isa = PBXFileReference; lastKnownFileType = folder.assetcatalog; path = Images.xcassets; sourceTree = "<group>"; };
		C3A4A6FF18B24ACD00A5E4EB /* ScrumPlanningPokerTests.xctest */ = {isa = PBXFileReference; explicitFileType = wrapper.cfbundle; includeInIndex = 0; path = ScrumPlanningPokerTests.xctest; sourceTree = BUILT_PRODUCTS_DIR; };
		C3A4A70018B24ACD00A5E4EB /* XCTest.framework */ = {isa = PBXFileReference; lastKnownFileType = wrapper.framework; name = XCTest.framework; path = Library/Frameworks/XCTest.framework; sourceTree = DEVELOPER_DIR; };
		C3A4A70818B24ACD00A5E4EB /* ScrumPlanningPokerTests-Info.plist */ = {isa = PBXFileReference; lastKnownFileType = text.plist.xml; path = "ScrumPlanningPokerTests-Info.plist"; sourceTree = "<group>"; };
		C3A4A70A18B24ACD00A5E4EB /* en */ = {isa = PBXFileReference; lastKnownFileType = text.plist.strings; name = en; path = en.lproj/InfoPlist.strings; sourceTree = "<group>"; };
		C3A4A70C18B24ACD00A5E4EB /* ScrumPlanningPokerTests.m */ = {isa = PBXFileReference; lastKnownFileType = sourcecode.c.objc; path = ScrumPlanningPokerTests.m; sourceTree = "<group>"; };
		FA9419B472B54ED08B208BA4 /* libPods.a */ = {isa = PBXFileReference; explicitFileType = archive.ar; includeInIndex = 0; path = libPods.a; sourceTree = BUILT_PRODUCTS_DIR; };
/* End PBXFileReference section */

/* Begin PBXFrameworksBuildPhase section */
		C3A4A6E118B24ACD00A5E4EB /* Frameworks */ = {
			isa = PBXFrameworksBuildPhase;
			buildActionMask = 2147483647;
			files = (
				C3A4A6EA18B24ACD00A5E4EB /* CoreGraphics.framework in Frameworks */,
				C3A4A6EC18B24ACD00A5E4EB /* UIKit.framework in Frameworks */,
				C3A4A6E818B24ACD00A5E4EB /* Foundation.framework in Frameworks */,
				B54EA18411124EAF8FC2BD72 /* libPods.a in Frameworks */,
			);
			runOnlyForDeploymentPostprocessing = 0;
		};
		C3A4A6FC18B24ACD00A5E4EB /* Frameworks */ = {
			isa = PBXFrameworksBuildPhase;
			buildActionMask = 2147483647;
			files = (
				C3A4A70118B24ACD00A5E4EB /* XCTest.framework in Frameworks */,
				C3A4A70318B24ACD00A5E4EB /* UIKit.framework in Frameworks */,
				C3A4A70218B24ACD00A5E4EB /* Foundation.framework in Frameworks */,
			);
			runOnlyForDeploymentPostprocessing = 0;
		};
/* End PBXFrameworksBuildPhase section */

/* Begin PBXGroup section */
		881F469118DB3BA3004DF389 /* Controller */ = {
			isa = PBXGroup;
			children = (
				885A370518CF164C00AD3FF9 /* SPPBaseViewController.h */,
				885A370618CF164C00AD3FF9 /* SPPBaseViewController.m */,
				882C81D318C4C8D00011AD59 /* ConnectViewController.h */,
				882C81D418C4C8D00011AD59 /* ConnectViewController.m */,
				8860A78418D1F04F005C5EB1 /* SelectRoomViewController.h */,
				8860A78518D1F04F005C5EB1 /* SelectRoomViewController.m */,
				88C6057C18D3399900A1EB77 /* RoomViewController.h */,
				88C6057D18D3399900A1EB77 /* RoomViewController.m */,
				884ECBDB199128FD0019A3A9 /* RoomViewNotifications.h */,
				884ECBDC199128FD0019A3A9 /* RoomViewNotifications.m */,
				8812FBD41959D54A005DA858 /* VoteViewController.h */,
				8812FBD51959D54A005DA858 /* VoteViewController.m */,
			);
			name = Controller;
			sourceTree = "<group>";
		};
		881F469218DB3C21004DF389 /* Network */ = {
			isa = PBXGroup;
			children = (
				8858A78B18D896DA00A06AD2 /* SPPAgileHub.h */,
				8858A78C18D896DB00A06AD2 /* SPPAgileHub.m */,
				884ECBD8199103980019A3A9 /* SPPAgileHubNotifications.h */,
				884ECBD9199103980019A3A9 /* SPPAgileHubNotifications.m */,
				885FB4E71958510900AB1A21 /* SPPWebService.h */,
				885FB4E81958510900AB1A21 /* SPPWebService.m */,
			);
			name = Network;
			sourceTree = "<group>";
		};
		881F469318DB3C46004DF389 /* View */ = {
			isa = PBXGroup;
			children = (
				887B4BDD19533060005CE261 /* SPPRoomViewCell.h */,
				887B4BDE19533060005CE261 /* SPPRoomViewCell.m */,
				8858A79518DAF4C900A06AD2 /* SPPUserViewCell.h */,
				8858A79618DAF4C900A06AD2 /* SPPUserViewCell.m */,
				88C2E939197913AC00E33A83 /* SPPVoteViewCell.h */,
				88C2E93A197913AC00E33A83 /* SPPVoteViewCell.m */,
				8809DB45195B0EA600D03238 /* SPPPagedFlowView.h */,
				8809DB46195B0EA600D03238 /* SPPPagedFlowView.m */,
				8812FBD71959D9B8005DA858 /* SPPVoteCardViewCell.h */,
				8812FBD81959D9B8005DA858 /* SPPVoteCardViewCell.m */,
				8809DB48195D873D00D03238 /* SPPVoteCardsViewLayout.h */,
				8809DB49195D873D00D03238 /* SPPVoteCardsViewLayout.m */,
				8874034819B8C23200EE6E5B /* SPPRoomButton.h */,
				8874034919B8C23200EE6E5B /* SPPRoomButton.m */,
			);
			name = View;
			sourceTree = "<group>";
		};
		881F469418DB55F7004DF389 /* Support */ = {
			isa = PBXGroup;
			children = (
				881F469518DB565D004DF389 /* CALayer+XibConfiguration.h */,
				881F469618DB565D004DF389 /* CALayer+XibConfiguration.m */,
				8874035219BA08C900EE6E5B /* SPPAnimationFactory.h */,
				8874035319BA08C900EE6E5B /* SPPAnimationFactory.m */,
				884AAA8219FE7D59009D3985 /* SPPEditableCollectionView.h */,
				884AAA8319FE7D59009D3985 /* SPPEditableCollectionView.m */,
			);
			name = Support;
			sourceTree = "<group>";
		};
		884ECBDE1994E7AA0019A3A9 /* DataModel */ = {
			isa = PBXGroup;
			children = (
				884ECBF41998DED70019A3A9 /* SPPAgileHubFacade.h */,
				884ECBF51998DED70019A3A9 /* SPPAgileHubFacade.m */,
				884ECBDF1994E7D90019A3A9 /* SPPBaseEntity+Protected.h */,
				884ECBE01994E7D90019A3A9 /* SPPBaseEntity+Protected.m */,
				884ECBE21994E89A0019A3A9 /* SPPBaseEntity.h */,
				884ECBE31994E89A0019A3A9 /* SPPBaseEntity.m */,
				884ECBE51994EC000019A3A9 /* SPPPrivilege.h */,
				884ECBE61994EC000019A3A9 /* SPPPrivilege.m */,
				884ECBE81994ED9B0019A3A9 /* SPPRoom.h */,
				884ECBE91994ED9B0019A3A9 /* SPPRoom.m */,
				884ECBEB1994F05F0019A3A9 /* SPPUser.h */,
				884ECBEC1994F05F0019A3A9 /* SPPUser.m */,
				884ECBEE1994F1780019A3A9 /* SPPVote.h */,
				884ECBEF1994F1780019A3A9 /* SPPVote.m */,
				884ECBF11994F2E90019A3A9 /* SPPUserVote.h */,
				884ECBF21994F2E90019A3A9 /* SPPUserVote.m */,
			);
			name = DataModel;
			sourceTree = "<group>";
		};
		887B4BE01954546B005CE261 /* Images */ = {
			isa = PBXGroup;
			children = (
				887B4BE11954546B005CE261 /* RoomClosed.png */,
				887B4BE21954546B005CE261 /* RoomOpened.png */,
			);
			path = Images;
			sourceTree = "<group>";
		};
		C3A4A6DB18B24ACD00A5E4EB = {
			isa = PBXGroup;
			children = (
				C3A4A6ED18B24ACD00A5E4EB /* ScrumPlanningPoker */,
				C3A4A70618B24ACD00A5E4EB /* ScrumPlanningPokerTests */,
				C3A4A6E618B24ACD00A5E4EB /* Frameworks */,
				C3A4A6E518B24ACD00A5E4EB /* Products */,
				4A8A1A9CAEF0473797EE9B25 /* Pods.xcconfig */,
			);
			sourceTree = "<group>";
		};
		C3A4A6E518B24ACD00A5E4EB /* Products */ = {
			isa = PBXGroup;
			children = (
				C3A4A6E418B24ACD00A5E4EB /* ScrumPlanningPoker.app */,
				C3A4A6FF18B24ACD00A5E4EB /* ScrumPlanningPokerTests.xctest */,
			);
			name = Products;
			sourceTree = "<group>";
		};
		C3A4A6E618B24ACD00A5E4EB /* Frameworks */ = {
			isa = PBXGroup;
			children = (
				C3A4A6E718B24ACD00A5E4EB /* Foundation.framework */,
				C3A4A6E918B24ACD00A5E4EB /* CoreGraphics.framework */,
				C3A4A6EB18B24ACD00A5E4EB /* UIKit.framework */,
				C3A4A70018B24ACD00A5E4EB /* XCTest.framework */,
				FA9419B472B54ED08B208BA4 /* libPods.a */,
			);
			name = Frameworks;
			sourceTree = "<group>";
		};
		C3A4A6ED18B24ACD00A5E4EB /* ScrumPlanningPoker */ = {
			isa = PBXGroup;
			children = (
				C3A4A6F618B24ACD00A5E4EB /* AppDelegate.h */,
				C3A4A6F718B24ACD00A5E4EB /* AppDelegate.m */,
				882C81D118C4B42C0011AD59 /* main.storyboard */,
				C3A4A6F918B24ACD00A5E4EB /* Images.xcassets */,
				887B4BE01954546B005CE261 /* Images */,
				881F469418DB55F7004DF389 /* Support */,
				881F469318DB3C46004DF389 /* View */,
				881F469218DB3C21004DF389 /* Network */,
				881F469118DB3BA3004DF389 /* Controller */,
				884ECBDE1994E7AA0019A3A9 /* DataModel */,
				C3A4A6EE18B24ACD00A5E4EB /* Supporting Files */,
			);
			path = ScrumPlanningPoker;
			sourceTree = "<group>";
		};
		C3A4A6EE18B24ACD00A5E4EB /* Supporting Files */ = {
			isa = PBXGroup;
			children = (
				C3A4A6EF18B24ACD00A5E4EB /* ScrumPlanningPoker-Info.plist */,
				C3A4A6F018B24ACD00A5E4EB /* InfoPlist.strings */,
				C3A4A6F318B24ACD00A5E4EB /* main.m */,
				C3A4A6F518B24ACD00A5E4EB /* ScrumPlanningPoker-Prefix.pch */,
			);
			name = "Supporting Files";
			sourceTree = "<group>";
		};
		C3A4A70618B24ACD00A5E4EB /* ScrumPlanningPokerTests */ = {
			isa = PBXGroup;
			children = (
				C3A4A70C18B24ACD00A5E4EB /* ScrumPlanningPokerTests.m */,
				C3A4A70718B24ACD00A5E4EB /* Supporting Files */,
			);
			path = ScrumPlanningPokerTests;
			sourceTree = "<group>";
		};
		C3A4A70718B24ACD00A5E4EB /* Supporting Files */ = {
			isa = PBXGroup;
			children = (
				C3A4A70818B24ACD00A5E4EB /* ScrumPlanningPokerTests-Info.plist */,
				C3A4A70918B24ACD00A5E4EB /* InfoPlist.strings */,
			);
			name = "Supporting Files";
			sourceTree = "<group>";
		};
/* End PBXGroup section */

/* Begin PBXNativeTarget section */
		C3A4A6E318B24ACD00A5E4EB /* ScrumPlanningPoker */ = {
			isa = PBXNativeTarget;
			buildConfigurationList = C3A4A71018B24ACD00A5E4EB /* Build configuration list for PBXNativeTarget "ScrumPlanningPoker" */;
			buildPhases = (
				5438A3318D8A4BCF9AC3F9B3 /* Check Pods Manifest.lock */,
				C3A4A6E018B24ACD00A5E4EB /* Sources */,
				C3A4A6E118B24ACD00A5E4EB /* Frameworks */,
				C3A4A6E218B24ACD00A5E4EB /* Resources */,
				FF416ABD8B7A46368DEC63BF /* Copy Pods Resources */,
			);
			buildRules = (
			);
			dependencies = (
			);
			name = ScrumPlanningPoker;
			productName = ScrumPlanningPoker;
			productReference = C3A4A6E418B24ACD00A5E4EB /* ScrumPlanningPoker.app */;
			productType = "com.apple.product-type.application";
		};
		C3A4A6FE18B24ACD00A5E4EB /* ScrumPlanningPokerTests */ = {
			isa = PBXNativeTarget;
			buildConfigurationList = C3A4A71318B24ACD00A5E4EB /* Build configuration list for PBXNativeTarget "ScrumPlanningPokerTests" */;
			buildPhases = (
				C3A4A6FB18B24ACD00A5E4EB /* Sources */,
				C3A4A6FC18B24ACD00A5E4EB /* Frameworks */,
				C3A4A6FD18B24ACD00A5E4EB /* Resources */,
			);
			buildRules = (
			);
			dependencies = (
				C3A4A70518B24ACD00A5E4EB /* PBXTargetDependency */,
			);
			name = ScrumPlanningPokerTests;
			productName = ScrumPlanningPokerTests;
			productReference = C3A4A6FF18B24ACD00A5E4EB /* ScrumPlanningPokerTests.xctest */;
			productType = "com.apple.product-type.bundle.unit-test";
		};
/* End PBXNativeTarget section */

/* Begin PBXProject section */
		C3A4A6DC18B24ACD00A5E4EB /* Project object */ = {
			isa = PBXProject;
			attributes = {
				LastUpgradeCheck = 0600;
				ORGANIZATIONNAME = Delphi;
				TargetAttributes = {
					C3A4A6FE18B24ACD00A5E4EB = {
						TestTargetID = C3A4A6E318B24ACD00A5E4EB;
					};
				};
			};
			buildConfigurationList = C3A4A6DF18B24ACD00A5E4EB /* Build configuration list for PBXProject "ScrumPlanningPoker" */;
			compatibilityVersion = "Xcode 3.2";
			developmentRegion = English;
			hasScannedForEncodings = 0;
			knownRegions = (
				en,
			);
			mainGroup = C3A4A6DB18B24ACD00A5E4EB;
			productRefGroup = C3A4A6E518B24ACD00A5E4EB /* Products */;
			projectDirPath = "";
			projectRoot = "";
			targets = (
				C3A4A6E318B24ACD00A5E4EB /* ScrumPlanningPoker */,
				C3A4A6FE18B24ACD00A5E4EB /* ScrumPlanningPokerTests */,
			);
		};
/* End PBXProject section */

/* Begin PBXResourcesBuildPhase section */
		C3A4A6E218B24ACD00A5E4EB /* Resources */ = {
			isa = PBXResourcesBuildPhase;
			buildActionMask = 2147483647;
			files = (
				887B4BE31954546B005CE261 /* RoomClosed.png in Resources */,
				887B4BE41954546B005CE261 /* RoomOpened.png in Resources */,
				C3A4A6F218B24ACD00A5E4EB /* InfoPlist.strings in Resources */,
				882C81D218C4B42C0011AD59 /* main.storyboard in Resources */,
				C3A4A6FA18B24ACD00A5E4EB /* Images.xcassets in Resources */,
			);
			runOnlyForDeploymentPostprocessing = 0;
		};
		C3A4A6FD18B24ACD00A5E4EB /* Resources */ = {
			isa = PBXResourcesBuildPhase;
			buildActionMask = 2147483647;
			files = (
				C3A4A70B18B24ACD00A5E4EB /* InfoPlist.strings in Resources */,
			);
			runOnlyForDeploymentPostprocessing = 0;
		};
/* End PBXResourcesBuildPhase section */

/* Begin PBXShellScriptBuildPhase section */
		5438A3318D8A4BCF9AC3F9B3 /* Check Pods Manifest.lock */ = {
			isa = PBXShellScriptBuildPhase;
			buildActionMask = 2147483647;
			files = (
			);
			inputPaths = (
			);
			name = "Check Pods Manifest.lock";
			outputPaths = (
			);
			runOnlyForDeploymentPostprocessing = 0;
			shellPath = /bin/sh;
			shellScript = "diff \"${PODS_ROOT}/../Podfile.lock\" \"${PODS_ROOT}/Manifest.lock\" > /dev/null\nif [[ $? != 0 ]] ; then\n    cat << EOM\nerror: The sandbox is not in sync with the Podfile.lock. Run 'pod install' or update your CocoaPods installation.\nEOM\n    exit 1\nfi\n";
			showEnvVarsInLog = 0;
		};
		FF416ABD8B7A46368DEC63BF /* Copy Pods Resources */ = {
			isa = PBXShellScriptBuildPhase;
			buildActionMask = 2147483647;
			files = (
			);
			inputPaths = (
			);
			name = "Copy Pods Resources";
			outputPaths = (
			);
			runOnlyForDeploymentPostprocessing = 0;
			shellPath = /bin/sh;
			shellScript = "\"${SRCROOT}/Pods/Pods-resources.sh\"\n";
			showEnvVarsInLog = 0;
		};
/* End PBXShellScriptBuildPhase section */

/* Begin PBXSourcesBuildPhase section */
		C3A4A6E018B24ACD00A5E4EB /* Sources */ = {
			isa = PBXSourcesBuildPhase;
			buildActionMask = 2147483647;
			files = (
				881F469718DB565D004DF389 /* CALayer+XibConfiguration.m in Sources */,
				8858A78D18D896DB00A06AD2 /* SPPAgileHub.m in Sources */,
				C3A4A6F818B24ACD00A5E4EB /* AppDelegate.m in Sources */,
				8874035419BA08C900EE6E5B /* SPPAnimationFactory.m in Sources */,
				885A370718CF164C00AD3FF9 /* SPPBaseViewController.m in Sources */,
				884ECBE11994E7DC0019A3A9 /* SPPBaseEntity+Protected.m in Sources */,
				884ECBE41994E89A0019A3A9 /* SPPBaseEntity.m in Sources */,
				884ECBDA199103980019A3A9 /* SPPAgileHubNotifications.m in Sources */,
				8812FBD61959D54A005DA858 /* VoteViewController.m in Sources */,
				884ECBEA1994ED9B0019A3A9 /* SPPRoom.m in Sources */,
				882C81D518C4C8D00011AD59 /* ConnectViewController.m in Sources */,
				8809DB47195B0EA600D03238 /* SPPPagedFlowView.m in Sources */,
				8809DB4A195D873D00D03238 /* SPPVoteCardsViewLayout.m in Sources */,
				884ECBE71994EC000019A3A9 /* SPPPrivilege.m in Sources */,
				887B4BDF19533060005CE261 /* SPPRoomViewCell.m in Sources */,
				884ECBF61998DED70019A3A9 /* SPPAgileHubFacade.m in Sources */,
				88C6057E18D3399900A1EB77 /* RoomViewController.m in Sources */,
				C3A4A6F418B24ACD00A5E4EB /* main.m in Sources */,
				88C2E93B197913AC00E33A83 /* SPPVoteViewCell.m in Sources */,
				885FB4E91958510900AB1A21 /* SPPWebService.m in Sources */,
				884ECBF31994F2E90019A3A9 /* SPPUserVote.m in Sources */,
				8858A79718DAF4C900A06AD2 /* SPPUserViewCell.m in Sources */,
				884ECBDD199128FD0019A3A9 /* RoomViewNotifications.m in Sources */,
				8812FBD91959D9B8005DA858 /* SPPVoteCardViewCell.m in Sources */,
				8874034A19B8C23200EE6E5B /* SPPRoomButton.m in Sources */,
				884ECBF01994F1780019A3A9 /* SPPVote.m in Sources */,
				884AAA8419FE7D59009D3985 /* SPPEditableCollectionView.m in Sources */,
				8860A78618D1F04F005C5EB1 /* SelectRoomViewController.m in Sources */,
				884ECBED1994F05F0019A3A9 /* SPPUser.m in Sources */,
			);
			runOnlyForDeploymentPostprocessing = 0;
		};
		C3A4A6FB18B24ACD00A5E4EB /* Sources */ = {
			isa = PBXSourcesBuildPhase;
			buildActionMask = 2147483647;
			files = (
				C3A4A70D18B24ACD00A5E4EB /* ScrumPlanningPokerTests.m in Sources */,
			);
			runOnlyForDeploymentPostprocessing = 0;
		};
/* End PBXSourcesBuildPhase section */

/* Begin PBXTargetDependency section */
		C3A4A70518B24ACD00A5E4EB /* PBXTargetDependency */ = {
			isa = PBXTargetDependency;
			target = C3A4A6E318B24ACD00A5E4EB /* ScrumPlanningPoker */;
			targetProxy = C3A4A70418B24ACD00A5E4EB /* PBXContainerItemProxy */;
		};
/* End PBXTargetDependency section */

/* Begin PBXVariantGroup section */
		C3A4A6F018B24ACD00A5E4EB /* InfoPlist.strings */ = {
			isa = PBXVariantGroup;
			children = (
				C3A4A6F118B24ACD00A5E4EB /* en */,
			);
			name = InfoPlist.strings;
			sourceTree = "<group>";
		};
		C3A4A70918B24ACD00A5E4EB /* InfoPlist.strings */ = {
			isa = PBXVariantGroup;
			children = (
				C3A4A70A18B24ACD00A5E4EB /* en */,
			);
			name = InfoPlist.strings;
			sourceTree = "<group>";
		};
/* End PBXVariantGroup section */

/* Begin XCBuildConfiguration section */
		C3A4A70E18B24ACD00A5E4EB /* Debug */ = {
			isa = XCBuildConfiguration;
			buildSettings = {
				ALWAYS_SEARCH_USER_PATHS = NO;
				CLANG_CXX_LANGUAGE_STANDARD = "gnu++0x";
				CLANG_CXX_LIBRARY = "libc++";
				CLANG_ENABLE_MODULES = YES;
				CLANG_ENABLE_OBJC_ARC = YES;
				CLANG_WARN_BOOL_CONVERSION = YES;
				CLANG_WARN_CONSTANT_CONVERSION = YES;
				CLANG_WARN_DIRECT_OBJC_ISA_USAGE = YES_ERROR;
				CLANG_WARN_EMPTY_BODY = YES;
				CLANG_WARN_ENUM_CONVERSION = YES;
				CLANG_WARN_INT_CONVERSION = YES;
				CLANG_WARN_OBJC_ROOT_CLASS = YES_ERROR;
				CLANG_WARN__DUPLICATE_METHOD_MATCH = YES;
				"CODE_SIGN_IDENTITY[sdk=iphoneos*]" = "iPhone Developer";
				COPY_PHASE_STRIP = NO;
				GCC_C_LANGUAGE_STANDARD = gnu99;
				GCC_DYNAMIC_NO_PIC = NO;
				GCC_OPTIMIZATION_LEVEL = 0;
				GCC_PREPROCESSOR_DEFINITIONS = (
					"DEBUG=1",
					"$(inherited)",
				);
				GCC_SYMBOLS_PRIVATE_EXTERN = NO;
				GCC_WARN_64_TO_32_BIT_CONVERSION = YES;
				GCC_WARN_ABOUT_RETURN_TYPE = YES_ERROR;
				GCC_WARN_UNDECLARED_SELECTOR = YES;
				GCC_WARN_UNINITIALIZED_AUTOS = YES;
				GCC_WARN_UNUSED_FUNCTION = YES;
				GCC_WARN_UNUSED_VARIABLE = YES;
				IPHONEOS_DEPLOYMENT_TARGET = 7.0;
				ONLY_ACTIVE_ARCH = YES;
				SDKROOT = iphoneos;
			};
			name = Debug;
		};
		C3A4A70F18B24ACD00A5E4EB /* Release */ = {
			isa = XCBuildConfiguration;
			buildSettings = {
				ALWAYS_SEARCH_USER_PATHS = NO;
				CLANG_CXX_LANGUAGE_STANDARD = "gnu++0x";
				CLANG_CXX_LIBRARY = "libc++";
				CLANG_ENABLE_MODULES = YES;
				CLANG_ENABLE_OBJC_ARC = YES;
				CLANG_WARN_BOOL_CONVERSION = YES;
				CLANG_WARN_CONSTANT_CONVERSION = YES;
				CLANG_WARN_DIRECT_OBJC_ISA_USAGE = YES_ERROR;
				CLANG_WARN_EMPTY_BODY = YES;
				CLANG_WARN_ENUM_CONVERSION = YES;
				CLANG_WARN_INT_CONVERSION = YES;
				CLANG_WARN_OBJC_ROOT_CLASS = YES_ERROR;
				CLANG_WARN__DUPLICATE_METHOD_MATCH = YES;
				"CODE_SIGN_IDENTITY[sdk=iphoneos*]" = "iPhone Developer";
				COPY_PHASE_STRIP = YES;
				ENABLE_NS_ASSERTIONS = NO;
				GCC_C_LANGUAGE_STANDARD = gnu99;
				GCC_WARN_64_TO_32_BIT_CONVERSION = YES;
				GCC_WARN_ABOUT_RETURN_TYPE = YES_ERROR;
				GCC_WARN_UNDECLARED_SELECTOR = YES;
				GCC_WARN_UNINITIALIZED_AUTOS = YES;
				GCC_WARN_UNUSED_FUNCTION = YES;
				GCC_WARN_UNUSED_VARIABLE = YES;
				IPHONEOS_DEPLOYMENT_TARGET = 7.0;
				SDKROOT = iphoneos;
				VALIDATE_PRODUCT = YES;
			};
			name = Release;
		};
		C3A4A71118B24ACD00A5E4EB /* Debug */ = {
			isa = XCBuildConfiguration;
			baseConfigurationReference = 4A8A1A9CAEF0473797EE9B25 /* Pods.xcconfig */;
			buildSettings = {
				ASSETCATALOG_COMPILER_APPICON_NAME = AppIcon;
				ASSETCATALOG_COMPILER_LAUNCHIMAGE_NAME = LaunchImage;
				GCC_PRECOMPILE_PREFIX_HEADER = YES;
				GCC_PREFIX_HEADER = "ScrumPlanningPoker/ScrumPlanningPoker-Prefix.pch";
				INFOPLIST_FILE = "ScrumPlanningPoker/ScrumPlanningPoker-Info.plist";
				IPHONEOS_DEPLOYMENT_TARGET = 7.0;
				PRODUCT_NAME = "$(TARGET_NAME)";
				TARGETED_DEVICE_FAMILY = 1;
				WRAPPER_EXTENSION = app;
			};
			name = Debug;
		};
		C3A4A71218B24ACD00A5E4EB /* Release */ = {
			isa = XCBuildConfiguration;
			baseConfigurationReference = 4A8A1A9CAEF0473797EE9B25 /* Pods.xcconfig */;
			buildSettings = {
				ASSETCATALOG_COMPILER_APPICON_NAME = AppIcon;
				ASSETCATALOG_COMPILER_LAUNCHIMAGE_NAME = LaunchImage;
				GCC_PRECOMPILE_PREFIX_HEADER = YES;
				GCC_PREFIX_HEADER = "ScrumPlanningPoker/ScrumPlanningPoker-Prefix.pch";
				INFOPLIST_FILE = "ScrumPlanningPoker/ScrumPlanningPoker-Info.plist";
				IPHONEOS_DEPLOYMENT_TARGET = 7.0;
				PRODUCT_NAME = "$(TARGET_NAME)";
				TARGETED_DEVICE_FAMILY = 1;
				WRAPPER_EXTENSION = app;
			};
			name = Release;
		};
		C3A4A71418B24ACD00A5E4EB /* Debug */ = {
			isa = XCBuildConfiguration;
			buildSettings = {
				BUNDLE_LOADER = "$(BUILT_PRODUCTS_DIR)/ScrumPlanningPoker.app/ScrumPlanningPoker";
				FRAMEWORK_SEARCH_PATHS = (
					"$(SDKROOT)/Developer/Library/Frameworks",
					"$(inherited)",
					"$(DEVELOPER_FRAMEWORKS_DIR)",
				);
				GCC_PRECOMPILE_PREFIX_HEADER = YES;
				GCC_PREFIX_HEADER = "ScrumPlanningPoker/ScrumPlanningPoker-Prefix.pch";
				GCC_PREPROCESSOR_DEFINITIONS = (
					"DEBUG=1",
					"$(inherited)",
				);
				INFOPLIST_FILE = "ScrumPlanningPokerTests/ScrumPlanningPokerTests-Info.plist";
				PRODUCT_NAME = "$(TARGET_NAME)";
				TEST_HOST = "$(BUNDLE_LOADER)";
				WRAPPER_EXTENSION = xctest;
			};
			name = Debug;
		};
		C3A4A71518B24ACD00A5E4EB /* Release */ = {
			isa = XCBuildConfiguration;
			buildSettings = {
				BUNDLE_LOADER = "$(BUILT_PRODUCTS_DIR)/ScrumPlanningPoker.app/ScrumPlanningPoker";
				FRAMEWORK_SEARCH_PATHS = (
					"$(SDKROOT)/Developer/Library/Frameworks",
					"$(inherited)",
					"$(DEVELOPER_FRAMEWORKS_DIR)",
				);
				GCC_PRECOMPILE_PREFIX_HEADER = YES;
				GCC_PREFIX_HEADER = "ScrumPlanningPoker/ScrumPlanningPoker-Prefix.pch";
				INFOPLIST_FILE = "ScrumPlanningPokerTests/ScrumPlanningPokerTests-Info.plist";
				PRODUCT_NAME = "$(TARGET_NAME)";
				TEST_HOST = "$(BUNDLE_LOADER)";
				WRAPPER_EXTENSION = xctest;
			};
			name = Release;
		};
/* End XCBuildConfiguration section */

/* Begin XCConfigurationList section */
		C3A4A6DF18B24ACD00A5E4EB /* Build configuration list for PBXProject "ScrumPlanningPoker" */ = {
			isa = XCConfigurationList;
			buildConfigurations = (
				C3A4A70E18B24ACD00A5E4EB /* Debug */,
				C3A4A70F18B24ACD00A5E4EB /* Release */,
			);
			defaultConfigurationIsVisible = 0;
			defaultConfigurationName = Release;
		};
		C3A4A71018B24ACD00A5E4EB /* Build configuration list for PBXNativeTarget "ScrumPlanningPoker" */ = {
			isa = XCConfigurationList;
			buildConfigurations = (
				C3A4A71118B24ACD00A5E4EB /* Debug */,
				C3A4A71218B24ACD00A5E4EB /* Release */,
			);
			defaultConfigurationIsVisible = 0;
			defaultConfigurationName = Release;
		};
		C3A4A71318B24ACD00A5E4EB /* Build configuration list for PBXNativeTarget "ScrumPlanningPokerTests" */ = {
			isa = XCConfigurationList;
			buildConfigurations = (
				C3A4A71418B24ACD00A5E4EB /* Debug */,
				C3A4A71518B24ACD00A5E4EB /* Release */,
			);
			defaultConfigurationIsVisible = 0;
			defaultConfigurationName = Release;
		};
/* End XCConfigurationList section */
	};
	rootObject = C3A4A6DC18B24ACD00A5E4EB /* Project object */;
}
